{
  "name": "uni-offline-push-playground-github",
  "lockfileVersion": 3,
  "requires": true,
  "packages": {
    "": {
      "dependencies": {
        "nim-web-sdk-ng": "^10.10.1"
      }
    },
    "node_modules/nim-web-sdk-ng": {
      "version": "10.10.1",
      "resolved": "https://registry.npmmirror.com/nim-web-sdk-ng/-/nim-web-sdk-ng-10.10.1.tgz",
      "integrity": "sha512-/n8uv2Sa40E1W5FedvDnTgLK3ZKLP8as2pI/RMk2H0P87RSuFNzAHg/VPrYhElZ++78r8O+1JdZc+le60fY1Pw==",
      "license": "ISC"
    }
  }
}
